
Microsoft Visual Studio Solution File, Format Version 11.00
# Visual Studio 2010
Project("{FAE04EC0-301F-11D3-BF4B-00C04F79EFBC}") = "Assembly-CSharp", "Assembly-CSharp.csproj", "{D0CE9C87-3073-1936-5DEC-F5098D1CACA1}"
EndProject
Project("{FAE04EC0-301F-11D3-BF4B-00C04F79EFBC}") = "Unity.TextMeshPro", "Unity.TextMeshPro.csproj", "{B255447F-2F6D-7566-ACC0-E988063DD5A9}"
EndProject
Project("{FAE04EC0-301F-11D3-BF4B-00C04F79EFBC}") = "Unity.TextMeshPro.Tests", "Unity.TextMeshPro.Tests.csproj", "{946C2F5A-A037-A2FA-F666-964E737BDDF6}"
EndProject
Project("{FAE04EC0-301F-11D3-BF4B-00C04F79EFBC}") = "Assembly-CSharp-Editor", "Assembly-CSharp-Editor.csproj", "{6B50AFC9-4C7B-4FAB-46B5-5D7E72D45937}"
EndProject
Project("{FAE04EC0-301F-11D3-BF4B-00C04F79EFBC}") = "Unity.TextMeshPro.Editor", "Unity.TextMeshPro.Editor.csproj", "{36E031D8-AB9E-8BFB-F7D7-64DF60A9ADD3}"
EndProject
Project("{FAE04EC0-301F-11D3-BF4B-00C04F79EFBC}") = "Unity.TextMeshPro.Editor.Tests", "Unity.TextMeshPro.Editor.Tests.csproj", "{43E444CB-FD5E-F5F1-1D7E-0E3D8A60DC79}"
EndProject
Global
	GlobalSection(SolutionConfigurationPlatforms) = preSolution
		Debug|Any CPU = Debug|Any CPU
		Release|Any CPU = Release|Any CPU
	EndGlobalSection
	GlobalSection(ProjectConfigurationPlatforms) = postSolution
		{D0CE9C87-3073-1936-5DEC-F5098D1CACA1}.Debug|Any CPU.ActiveCfg = Debug|Any CPU
		{D0CE9C87-3073-1936-5DEC-F5098D1CACA1}.Debug|Any CPU.Build.0 = Debug|Any CPU
		{D0CE9C87-3073-1936-5DEC-F5098D1CACA1}.Release|Any CPU.ActiveCfg = Release|Any CPU
		{D0CE9C87-3073-1936-5DEC-F5098D1CACA1}.Release|Any CPU.Build.0 = Release|Any CPU
		{B255447F-2F6D-7566-ACC0-E988063DD5A9}.Debug|Any CPU.ActiveCfg = Debug|Any CPU
		{B255447F-2F6D-7566-ACC0-E988063DD5A9}.Debug|Any CPU.Build.0 = Debug|Any CPU
		{B255447F-2F6D-7566-ACC0-E988063DD5A9}.Release|Any CPU.ActiveCfg = Release|Any CPU
		{B255447F-2F6D-7566-ACC0-E988063DD5A9}.Release|Any CPU.Build.0 = Release|Any CPU
		{946C2F5A-A037-A2FA-F666-964E737BDDF6}.Debug|Any CPU.ActiveCfg = Debug|Any CPU
		{946C2F5A-A037-A2FA-F666-964E737BDDF6}.Debug|Any CPU.Build.0 = Debug|Any CPU
		{946C2F5A-A037-A2FA-F666-964E737BDDF6}.Release|Any CPU.ActiveCfg = Release|Any CPU
		{946C2F5A-A037-A2FA-F666-964E737BDDF6}.Release|Any CPU.Build.0 = Release|Any CPU
		{6B50AFC9-4C7B-4FAB-46B5-5D7E72D45937}.Debug|Any CPU.ActiveCfg = Debug|Any CPU
		{6B50AFC9-4C7B-4FAB-46B5-5D7E72D45937}.Debug|Any CPU.Build.0 = Debug|Any CPU
		{6B50AFC9-4C7B-4FAB-46B5-5D7E72D45937}.Release|Any CPU.ActiveCfg = Release|Any CPU
		{6B50AFC9-4C7B-4FAB-46B5-5D7E72D45937}.Release|Any CPU.Build.0 = Release|Any CPU
		{36E031D8-AB9E-8BFB-F7D7-64DF60A9ADD3}.Debug|Any CPU.ActiveCfg = Debug|Any CPU
		{36E031D8-AB9E-8BFB-F7D7-64DF60A9ADD3}.Debug|Any CPU.Build.0 = Debug|Any CPU
		{36E031D8-AB9E-8BFB-F7D7-64DF60A9ADD3}.Release|Any CPU.ActiveCfg = Release|Any CPU
		{36E031D8-AB9E-8BFB-F7D7-64DF60A9ADD3}.Release|Any CPU.Build.0 = Release|Any CPU
		{43E444CB-FD5E-F5F1-1D7E-0E3D8A60DC79}.Debug|Any CPU.ActiveCfg = Debug|Any CPU
		{43E444CB-FD5E-F5F1-1D7E-0E3D8A60DC79}.Debug|Any CPU.Build.0 = Debug|Any CPU
		{43E444CB-FD5E-F5F1-1D7E-0E3D8A60DC79}.Release|Any CPU.ActiveCfg = Release|Any CPU
		{43E444CB-FD5E-F5F1-1D7E-0E3D8A60DC79}.Release|Any CPU.Build.0 = Release|Any CPU
	EndGlobalSection
	GlobalSection(SolutionProperties) = preSolution
		HideSolutionNode = FALSE
	EndGlobalSection
	GlobalSection(MonoDevelopProperties) = preSolution
		StartupItem = Assembly-CSharp.csproj
	EndGlobalSection
EndGlobal
